
Microsoft Visual Studio Solution File, Format Version 12.00
# Visual Studio 15
VisualStudioVersion = 15.0.28307.1082
MinimumVisualStudioVersion = 10.0.40219.1
Project("{FAE04EC0-301F-11D3-BF4B-00C04F79EFBC}") = "Pr9_1", "Pr9_1\Pr9_1.csproj", "{5874E685-C4D3-4325-8D0A-91B9C84A4279}"
EndProject
Global
	GlobalSection(SolutionConfigurationPlatforms) = preSolution
		Debug|Any CPU = Debug|Any CPU
		Release|Any CPU = Release|Any CPU
	EndGlobalSection
	GlobalSection(ProjectConfigurationPlatforms) = postSolution
		{5874E685-C4D3-4325-8D0A-91B9C84A4279}.Debug|Any CPU.ActiveCfg = Debug|Any CPU
		{5874E685-C4D3-4325-8D0A-91B9C84A4279}.Debug|Any CPU.Build.0 = Debug|Any CPU
		{5874E685-C4D3-4325-8D0A-91B9C84A4279}.Release|Any CPU.ActiveCfg = Release|Any CPU
		{5874E685-C4D3-4325-8D0A-91B9C84A4279}.Release|Any CPU.Build.0 = Release|Any CPU
	EndGlobalSection
	GlobalSection(SolutionProperties) = preSolution
		HideSolutionNode = FALSE
	EndGlobalSection
	GlobalSection(ExtensibilityGlobals) = postSolution
		SolutionGuid = {F5DD2E70-3471-4FF6-8EC7-C5E810692155}
	EndGlobalSection
EndGlobal
