
Microsoft Visual Studio Solution File, Format Version 12.00
# Visual Studio 15
VisualStudioVersion = 15.0.28307.1082
MinimumVisualStudioVersion = 10.0.40219.1
Project("{FAE04EC0-301F-11D3-BF4B-00C04F79EFBC}") = "Pr9_WF", "Pr9_WF\Pr9_WF.csproj", "{6D76DD47-E6D9-4F5D-9EA1-BFC68E39C80E}"
EndProject
Global
	GlobalSection(SolutionConfigurationPlatforms) = preSolution
		Debug|Any CPU = Debug|Any CPU
		Release|Any CPU = Release|Any CPU
	EndGlobalSection
	GlobalSection(ProjectConfigurationPlatforms) = postSolution
		{6D76DD47-E6D9-4F5D-9EA1-BFC68E39C80E}.Debug|Any CPU.ActiveCfg = Debug|Any CPU
		{6D76DD47-E6D9-4F5D-9EA1-BFC68E39C80E}.Debug|Any CPU.Build.0 = Debug|Any CPU
		{6D76DD47-E6D9-4F5D-9EA1-BFC68E39C80E}.Release|Any CPU.ActiveCfg = Release|Any CPU
		{6D76DD47-E6D9-4F5D-9EA1-BFC68E39C80E}.Release|Any CPU.Build.0 = Release|Any CPU
	EndGlobalSection
	GlobalSection(SolutionProperties) = preSolution
		HideSolutionNode = FALSE
	EndGlobalSection
	GlobalSection(ExtensibilityGlobals) = postSolution
		SolutionGuid = {6E1C95FE-4ECE-4625-B0A0-1E42CBE00706}
	EndGlobalSection
EndGlobal
