
Microsoft Visual Studio Solution File, Format Version 12.00
# Visual Studio 15
VisualStudioVersion = 15.0.28307.1082
MinimumVisualStudioVersion = 10.0.40219.1
Project("{FAE04EC0-301F-11D3-BF4B-00C04F79EFBC}") = "Pr6_WF", "Pr6_WF\Pr6_WF.csproj", "{4D9ABEBF-9762-4489-B4E4-D589B15BA7C0}"
EndProject
Global
	GlobalSection(SolutionConfigurationPlatforms) = preSolution
		Debug|Any CPU = Debug|Any CPU
		Release|Any CPU = Release|Any CPU
	EndGlobalSection
	GlobalSection(ProjectConfigurationPlatforms) = postSolution
		{4D9ABEBF-9762-4489-B4E4-D589B15BA7C0}.Debug|Any CPU.ActiveCfg = Debug|Any CPU
		{4D9ABEBF-9762-4489-B4E4-D589B15BA7C0}.Debug|Any CPU.Build.0 = Debug|Any CPU
		{4D9ABEBF-9762-4489-B4E4-D589B15BA7C0}.Release|Any CPU.ActiveCfg = Release|Any CPU
		{4D9ABEBF-9762-4489-B4E4-D589B15BA7C0}.Release|Any CPU.Build.0 = Release|Any CPU
	EndGlobalSection
	GlobalSection(SolutionProperties) = preSolution
		HideSolutionNode = FALSE
	EndGlobalSection
	GlobalSection(ExtensibilityGlobals) = postSolution
		SolutionGuid = {5DF9BB3E-9B8E-411E-82E1-B9BFA20F1D79}
	EndGlobalSection
EndGlobal
