
Microsoft Visual Studio Solution File, Format Version 12.00
# Visual Studio 15
VisualStudioVersion = 15.0.28307.1082
MinimumVisualStudioVersion = 10.0.40219.1
Project("{FAE04EC0-301F-11D3-BF4B-00C04F79EFBC}") = "Pr13", "Pr13\Pr13.csproj", "{354ADB04-7663-4AFE-9FCB-F69B28775ADA}"
EndProject
Global
	GlobalSection(SolutionConfigurationPlatforms) = preSolution
		Debug|Any CPU = Debug|Any CPU
		Release|Any CPU = Release|Any CPU
	EndGlobalSection
	GlobalSection(ProjectConfigurationPlatforms) = postSolution
		{354ADB04-7663-4AFE-9FCB-F69B28775ADA}.Debug|Any CPU.ActiveCfg = Debug|Any CPU
		{354ADB04-7663-4AFE-9FCB-F69B28775ADA}.Debug|Any CPU.Build.0 = Debug|Any CPU
		{354ADB04-7663-4AFE-9FCB-F69B28775ADA}.Release|Any CPU.ActiveCfg = Release|Any CPU
		{354ADB04-7663-4AFE-9FCB-F69B28775ADA}.Release|Any CPU.Build.0 = Release|Any CPU
	EndGlobalSection
	GlobalSection(SolutionProperties) = preSolution
		HideSolutionNode = FALSE
	EndGlobalSection
	GlobalSection(ExtensibilityGlobals) = postSolution
		SolutionGuid = {E5D5141C-0626-4974-B2DE-98AED56DA594}
	EndGlobalSection
EndGlobal
